PODS:
  - Alamiaofire (0.0.5):
    - Alamiaofire/Request (= 0.0.5)
    - Alamofire
    - YYKit
  - Alamiaofire/Request (0.0.5):
    - Alamofire
    - YYKit
  - Alamofire (5.6.4)
  - YYKit (1.0.9):
    - YYKit/no-arc (= 1.0.9)
  - YYKit/no-arc (1.0.9)

DEPENDENCIES:
  - Alamiaofire (from `../`)

SPEC REPOS:
  trunk:
    - Alamofire
    - YYKit

EXTERNAL SOURCES:
  Alamiaofire:
    :path: "../"

SPEC CHECKSUMS:
  Alamiaofire: 8e1959b1bd0cf0d7875e2f268029b3125aac4265
  Alamofire: 4e95d97098eacb88856099c4fc79b526a299e48c
  YYKit: 7cda43304a8dc3696c449041e2cb3107b4e236e7

PODFILE CHECKSUM: 1325b96614c49061fe3089730a7d8cfe7546b76c

COCOAPODS: 1.12.0
